<?xml version="1.0" encoding="UTF-8"?>
<CodeBlocks_project_file>
	<FileVersion major="1" minor="6"/>
	<Project>
		<Option title="re2dfa"/>
		<Option makefile_is_custom="1"/>
		<Option compiler="gcc"/>
		<Option virtualFolders="CMake Files\;"/>
		<Build>
			<Target title="all">
				<Option working_dir="/home/dmitry/Documents/FormalLanguages/Task1"/>
				<Option type="4"/>
				<MakeCommands>
					<Build command="/usr/bin/make -f &quot;/home/dmitry/Documents/FormalLanguages/Task1/Makefile&quot;  VERBOSE=1 all"/>
					<CompileFile command="/usr/bin/make -f &quot;/home/dmitry/Documents/FormalLanguages/Task1/Makefile&quot;  VERBOSE=1 &quot;$file&quot;"/>
					<Clean command="/usr/bin/make -f &quot;/home/dmitry/Documents/FormalLanguages/Task1/Makefile&quot;  VERBOSE=1 clean"/>
					<DistClean command="/usr/bin/make -f &quot;/home/dmitry/Documents/FormalLanguages/Task1/Makefile&quot;  VERBOSE=1 clean"/>
				</MakeCommands>
			</Target>
			<Target title="re2dfa">
				<Option output="/home/dmitry/Documents/FormalLanguages/Task1/re2dfa" prefix_auto="0" extension_auto="0"/>
				<Option working_dir="/home/dmitry/Documents/FormalLanguages/Task1"/>
				<Option object_output="./"/>
				<Option type="1"/>
				<Option compiler="gcc"/>
				<Compiler/>
				<MakeCommands>
					<Build command="/usr/bin/make -f &quot;/home/dmitry/Documents/FormalLanguages/Task1/Makefile&quot;  VERBOSE=1 re2dfa"/>
					<CompileFile command="/usr/bin/make -f &quot;/home/dmitry/Documents/FormalLanguages/Task1/Makefile&quot;  VERBOSE=1 &quot;$file&quot;"/>
					<Clean command="/usr/bin/make -f &quot;/home/dmitry/Documents/FormalLanguages/Task1/Makefile&quot;  VERBOSE=1 clean"/>
					<DistClean command="/usr/bin/make -f &quot;/home/dmitry/Documents/FormalLanguages/Task1/Makefile&quot;  VERBOSE=1 clean"/>
				</MakeCommands>
			</Target>
			<Target title="re2dfa/fast">
				<Option output="/home/dmitry/Documents/FormalLanguages/Task1/re2dfa" prefix_auto="0" extension_auto="0"/>
				<Option working_dir="/home/dmitry/Documents/FormalLanguages/Task1"/>
				<Option object_output="./"/>
				<Option type="1"/>
				<Option compiler="gcc"/>
				<Compiler/>
				<MakeCommands>
					<Build command="/usr/bin/make -f &quot;/home/dmitry/Documents/FormalLanguages/Task1/Makefile&quot;  VERBOSE=1 re2dfa/fast"/>
					<CompileFile command="/usr/bin/make -f &quot;/home/dmitry/Documents/FormalLanguages/Task1/Makefile&quot;  VERBOSE=1 &quot;$file&quot;"/>
					<Clean command="/usr/bin/make -f &quot;/home/dmitry/Documents/FormalLanguages/Task1/Makefile&quot;  VERBOSE=1 clean"/>
					<DistClean command="/usr/bin/make -f &quot;/home/dmitry/Documents/FormalLanguages/Task1/Makefile&quot;  VERBOSE=1 clean"/>
				</MakeCommands>
			</Target>
			<Target title="edit_cache">
				<Option working_dir="/home/dmitry/Documents/FormalLanguages/Task1"/>
				<Option type="4"/>
				<MakeCommands>
					<Build command="/usr/bin/make -f &quot;/home/dmitry/Documents/FormalLanguages/Task1/Makefile&quot;  VERBOSE=1 edit_cache"/>
					<CompileFile command="/usr/bin/make -f &quot;/home/dmitry/Documents/FormalLanguages/Task1/Makefile&quot;  VERBOSE=1 &quot;$file&quot;"/>
					<Clean command="/usr/bin/make -f &quot;/home/dmitry/Documents/FormalLanguages/Task1/Makefile&quot;  VERBOSE=1 clean"/>
					<DistClean command="/usr/bin/make -f &quot;/home/dmitry/Documents/FormalLanguages/Task1/Makefile&quot;  VERBOSE=1 clean"/>
				</MakeCommands>
			</Target>
			<Target title="rebuild_cache">
				<Option working_dir="/home/dmitry/Documents/FormalLanguages/Task1"/>
				<Option type="4"/>
				<MakeCommands>
					<Build command="/usr/bin/make -f &quot;/home/dmitry/Documents/FormalLanguages/Task1/Makefile&quot;  VERBOSE=1 rebuild_cache"/>
					<CompileFile command="/usr/bin/make -f &quot;/home/dmitry/Documents/FormalLanguages/Task1/Makefile&quot;  VERBOSE=1 &quot;$file&quot;"/>
					<Clean command="/usr/bin/make -f &quot;/home/dmitry/Documents/FormalLanguages/Task1/Makefile&quot;  VERBOSE=1 clean"/>
					<DistClean command="/usr/bin/make -f &quot;/home/dmitry/Documents/FormalLanguages/Task1/Makefile&quot;  VERBOSE=1 clean"/>
				</MakeCommands>
			</Target>
			<Target title="list_install_components">
				<Option working_dir="/home/dmitry/Documents/FormalLanguages/Task1"/>
				<Option type="4"/>
				<MakeCommands>
					<Build command="/usr/bin/make -f &quot;/home/dmitry/Documents/FormalLanguages/Task1/Makefile&quot;  VERBOSE=1 list_install_components"/>
					<CompileFile command="/usr/bin/make -f &quot;/home/dmitry/Documents/FormalLanguages/Task1/Makefile&quot;  VERBOSE=1 &quot;$file&quot;"/>
					<Clean command="/usr/bin/make -f &quot;/home/dmitry/Documents/FormalLanguages/Task1/Makefile&quot;  VERBOSE=1 clean"/>
					<DistClean command="/usr/bin/make -f &quot;/home/dmitry/Documents/FormalLanguages/Task1/Makefile&quot;  VERBOSE=1 clean"/>
				</MakeCommands>
			</Target>
			<Target title="install">
				<Option working_dir="/home/dmitry/Documents/FormalLanguages/Task1"/>
				<Option type="4"/>
				<MakeCommands>
					<Build command="/usr/bin/make -f &quot;/home/dmitry/Documents/FormalLanguages/Task1/Makefile&quot;  VERBOSE=1 install"/>
					<CompileFile command="/usr/bin/make -f &quot;/home/dmitry/Documents/FormalLanguages/Task1/Makefile&quot;  VERBOSE=1 &quot;$file&quot;"/>
					<Clean command="/usr/bin/make -f &quot;/home/dmitry/Documents/FormalLanguages/Task1/Makefile&quot;  VERBOSE=1 clean"/>
					<DistClean command="/usr/bin/make -f &quot;/home/dmitry/Documents/FormalLanguages/Task1/Makefile&quot;  VERBOSE=1 clean"/>
				</MakeCommands>
			</Target>
			<Target title="install/local">
				<Option working_dir="/home/dmitry/Documents/FormalLanguages/Task1"/>
				<Option type="4"/>
				<MakeCommands>
					<Build command="/usr/bin/make -f &quot;/home/dmitry/Documents/FormalLanguages/Task1/Makefile&quot;  VERBOSE=1 install/local"/>
					<CompileFile command="/usr/bin/make -f &quot;/home/dmitry/Documents/FormalLanguages/Task1/Makefile&quot;  VERBOSE=1 &quot;$file&quot;"/>
					<Clean command="/usr/bin/make -f &quot;/home/dmitry/Documents/FormalLanguages/Task1/Makefile&quot;  VERBOSE=1 clean"/>
					<DistClean command="/usr/bin/make -f &quot;/home/dmitry/Documents/FormalLanguages/Task1/Makefile&quot;  VERBOSE=1 clean"/>
				</MakeCommands>
			</Target>
			<Target title="install/strip">
				<Option working_dir="/home/dmitry/Documents/FormalLanguages/Task1"/>
				<Option type="4"/>
				<MakeCommands>
					<Build command="/usr/bin/make -f &quot;/home/dmitry/Documents/FormalLanguages/Task1/Makefile&quot;  VERBOSE=1 install/strip"/>
					<CompileFile command="/usr/bin/make -f &quot;/home/dmitry/Documents/FormalLanguages/Task1/Makefile&quot;  VERBOSE=1 &quot;$file&quot;"/>
					<Clean command="/usr/bin/make -f &quot;/home/dmitry/Documents/FormalLanguages/Task1/Makefile&quot;  VERBOSE=1 clean"/>
					<DistClean command="/usr/bin/make -f &quot;/home/dmitry/Documents/FormalLanguages/Task1/Makefile&quot;  VERBOSE=1 clean"/>
				</MakeCommands>
			</Target>
		</Build>
		<Unit filename="/home/dmitry/Documents/FormalLanguages/Task1/main.cpp">
			<Option target="re2dfa"/>
		</Unit>
		<Unit filename="/home/dmitry/Documents/FormalLanguages/Task1/task.cpp">
			<Option target="re2dfa"/>
		</Unit>
		<Unit filename="/home/dmitry/Documents/FormalLanguages/Task1/CMakeLists.txt">
			<Option virtualFolder="CMake Files\"/>
		</Unit>
	</Project>
</CodeBlocks_project_file>
